
Microsoft Visual Studio Solution File, Format Version 9.00
# Visual Studio 2005
Project("{8BC9CEB8-8B4A-11D0-8D11-00A0C91BC942}") = "Repeater", "Repeater.vcproj", "{05A18959-D378-4176-9FF5-0CEE26D93A26}"
EndProject
Project("{8BC9CEB8-8B4A-11D0-8D11-00A0C91BC942}") = "Socks5Server", "Socks5Server.vcproj", "{586F6876-EBDB-4432-908D-E62836E98A73}"
EndProject
Global
	GlobalSection(SolutionConfigurationPlatforms) = preSolution
		Debug|Win32 = Debug|Win32
		Release|Win32 = Release|Win32
	EndGlobalSection
	GlobalSection(ProjectConfigurationPlatforms) = postSolution
		{05A18959-D378-4176-9FF5-0CEE26D93A26}.Debug|Win32.ActiveCfg = Debug|Win32
		{05A18959-D378-4176-9FF5-0CEE26D93A26}.Debug|Win32.Build.0 = Debug|Win32
		{05A18959-D378-4176-9FF5-0CEE26D93A26}.Release|Win32.ActiveCfg = Release|Win32
		{05A18959-D378-4176-9FF5-0CEE26D93A26}.Release|Win32.Build.0 = Release|Win32
		{586F6876-EBDB-4432-908D-E62836E98A73}.Debug|Win32.ActiveCfg = Debug|Win32
		{586F6876-EBDB-4432-908D-E62836E98A73}.Debug|Win32.Build.0 = Debug|Win32
		{586F6876-EBDB-4432-908D-E62836E98A73}.Release|Win32.ActiveCfg = Release|Win32
		{586F6876-EBDB-4432-908D-E62836E98A73}.Release|Win32.Build.0 = Release|Win32
	EndGlobalSection
	GlobalSection(SolutionProperties) = preSolution
		HideSolutionNode = FALSE
	EndGlobalSection
EndGlobal
